
Microsoft Visual Studio Solution File, Format Version 12.00
# Visual Studio 2013
VisualStudioVersion = 12.0.30321.1
MinimumVisualStudioVersion = 10.0.40219.1
Project("{F2A71F9B-5D33-465A-A702-920D77279786}") = "driver", "driver\driver.fsproj", "{C1AC0CF9-C6A5-4274-866E-BC4AD6092B30}"
EndProject
Project("{F2A71F9B-5D33-465A-A702-920D77279786}") = "graph", "graph\graph.fsproj", "{81443A06-7BBA-4467-904F-8537E76E8232}"
EndProject
Project("{2150E333-8FDC-42A3-9474-1A3956D46DE8}") = ".nuget", ".nuget", "{FFEE8DDD-AE53-43B0-A517-10090660F930}"
	ProjectSection(SolutionItems) = preProject
		.nuget\packages.config = .nuget\packages.config
	EndProjectSection
EndProject
Project("{F2A71F9B-5D33-465A-A702-920D77279786}") = "tests", "tests\tests.fsproj", "{13B05D9A-B721-4C48-B427-F37998E90EC4}"
EndProject
Global
	GlobalSection(SolutionConfigurationPlatforms) = preSolution
		Debug|Any CPU = Debug|Any CPU
		Release|Any CPU = Release|Any CPU
	EndGlobalSection
	GlobalSection(ProjectConfigurationPlatforms) = postSolution
		{C1AC0CF9-C6A5-4274-866E-BC4AD6092B30}.Debug|Any CPU.ActiveCfg = Debug|Any CPU
		{C1AC0CF9-C6A5-4274-866E-BC4AD6092B30}.Debug|Any CPU.Build.0 = Debug|Any CPU
		{C1AC0CF9-C6A5-4274-866E-BC4AD6092B30}.Release|Any CPU.ActiveCfg = Release|Any CPU
		{C1AC0CF9-C6A5-4274-866E-BC4AD6092B30}.Release|Any CPU.Build.0 = Release|Any CPU
		{81443A06-7BBA-4467-904F-8537E76E8232}.Debug|Any CPU.ActiveCfg = Debug|Any CPU
		{81443A06-7BBA-4467-904F-8537E76E8232}.Debug|Any CPU.Build.0 = Debug|Any CPU
		{81443A06-7BBA-4467-904F-8537E76E8232}.Release|Any CPU.ActiveCfg = Release|Any CPU
		{81443A06-7BBA-4467-904F-8537E76E8232}.Release|Any CPU.Build.0 = Release|Any CPU
		{13B05D9A-B721-4C48-B427-F37998E90EC4}.Debug|Any CPU.ActiveCfg = Debug|Any CPU
		{13B05D9A-B721-4C48-B427-F37998E90EC4}.Debug|Any CPU.Build.0 = Debug|Any CPU
		{13B05D9A-B721-4C48-B427-F37998E90EC4}.Release|Any CPU.ActiveCfg = Release|Any CPU
		{13B05D9A-B721-4C48-B427-F37998E90EC4}.Release|Any CPU.Build.0 = Release|Any CPU
	EndGlobalSection
	GlobalSection(SolutionProperties) = preSolution
		HideSolutionNode = FALSE
	EndGlobalSection
EndGlobal
